// !$*UTF8*$!
{
	archiveVersion = 1;
	classes = {
	};
	objectVersion = 51;
	objects = {

/* Begin PBXBuildFile section */
		3A0CBAF0243E543900C52E2B /* ImageDetail.swift in Sources */ = {isa = PBXBuildFile; fileRef = 3A0CBAEF243E543900C52E2B /* ImageDetail.swift */; };
		3A0CBAF2243F45AE00C52E2B /* GreatCollectionViewCell.swift in Sources */ = {isa = PBXBuildFile; fileRef = 3A0CBAF1243F45AE00C52E2B /* GreatCollectionViewCell.swift */; };
		3A2296AE243B9D5F001533D8 /* AppDelegate.swift in Sources */ = {isa = PBXBuildFile; fileRef = 3A2296AD243B9D5F001533D8 /* AppDelegate.swift */; };
		3A2296B0243B9D5F001533D8 /* SceneDelegate.swift in Sources */ = {isa = PBXBuildFile; fileRef = 3A2296AF243B9D5F001533D8 /* SceneDelegate.swift */; };
		3A2296B2243B9D5F001533D8 /* ListViewController.swift in Sources */ = {isa = PBXBuildFile; fileRef = 3A2296B1243B9D5F001533D8 /* ListViewController.swift */; };
		3A2296B4243B9D5F001533D8 /* GreatCollectionView.swift in Sources */ = {isa = PBXBuildFile; fileRef = 3A2296B3243B9D5F001533D8 /* GreatCollectionView.swift */; };
		3A2296B7243B9D5F001533D8 /* Main.storyboard in Resources */ = {isa = PBXBuildFile; fileRef = 3A2296B5243B9D5F001533D8 /* Main.storyboard */; };
		3A2296B9243B9D62001533D8 /* Assets.xcassets in Resources */ = {isa = PBXBuildFile; fileRef = 3A2296B8243B9D62001533D8 /* Assets.xcassets */; };
		3A2296BC243B9D62001533D8 /* LaunchScreen.storyboard in Resources */ = {isa = PBXBuildFile; fileRef = 3A2296BA243B9D62001533D8 /* LaunchScreen.storyboard */; };
		3A2296C6243BA824001533D8 /* placeHolder.swift in Sources */ = {isa = PBXBuildFile; fileRef = 3A2296C5243BA824001533D8 /* placeHolder.swift */; };
		3A2296C7243C0AB5001533D8 /* Pods_placeHolderTabber.framework in Frameworks */ = {isa = PBXBuildFile; fileRef = BFAC303E676D60C97B2CD9D6 /* Pods_placeHolderTabber.framework */; };
		3A2296CB243CAC2D001533D8 /* JSONTableViewCell.swift in Sources */ = {isa = PBXBuildFile; fileRef = 3A2296CA243CAC2D001533D8 /* JSONTableViewCell.swift */; };
/* End PBXBuildFile section */

/* Begin PBXFileReference section */
		3A0CBAEF243E543900C52E2B /* ImageDetail.swift */ = {isa = PBXFileReference; lastKnownFileType = sourcecode.swift; path = ImageDetail.swift; sourceTree = "<group>"; };
		3A0CBAF1243F45AE00C52E2B /* GreatCollectionViewCell.swift */ = {isa = PBXFileReference; lastKnownFileType = sourcecode.swift; path = GreatCollectionViewCell.swift; sourceTree = "<group>"; };
		3A2296AA243B9D5F001533D8 /* placeHolderTabber.app */ = {isa = PBXFileReference; explicitFileType = wrapper.application; includeInIndex = 0; path = placeHolderTabber.app; sourceTree = BUILT_PRODUCTS_DIR; };
		3A2296AD243B9D5F001533D8 /* AppDelegate.swift */ = {isa = PBXFileReference; lastKnownFileType = sourcecode.swift; path = AppDelegate.swift; sourceTree = "<group>"; };
		3A2296AF243B9D5F001533D8 /* SceneDelegate.swift */ = {isa = PBXFileReference; lastKnownFileType = sourcecode.swift; path = SceneDelegate.swift; sourceTree = "<group>"; };
		3A2296B1243B9D5F001533D8 /* ListViewController.swift */ = {isa = PBXFileReference; lastKnownFileType = sourcecode.swift; path = ListViewController.swift; sourceTree = "<group>"; };
		3A2296B3243B9D5F001533D8 /* GreatCollectionView.swift */ = {isa = PBXFileReference; lastKnownFileType = sourcecode.swift; path = GreatCollectionView.swift; sourceTree = "<group>"; };
		3A2296B6243B9D5F001533D8 /* Base */ = {isa = PBXFileReference; lastKnownFileType = file.storyboard; name = Base; path = Base.lproj/Main.storyboard; sourceTree = "<group>"; };
		3A2296B8243B9D62001533D8 /* Assets.xcassets */ = {isa = PBXFileReference; lastKnownFileType = folder.assetcatalog; path = Assets.xcassets; sourceTree = "<group>"; };
		3A2296BB243B9D62001533D8 /* Base */ = {isa = PBXFileReference; lastKnownFileType = file.storyboard; name = Base; path = Base.lproj/LaunchScreen.storyboard; sourceTree = "<group>"; };
		3A2296BD243B9D62001533D8 /* Info.plist */ = {isa = PBXFileReference; lastKnownFileType = text.plist.xml; path = Info.plist; sourceTree = "<group>"; };
		3A2296C5243BA824001533D8 /* placeHolder.swift */ = {isa = PBXFileReference; lastKnownFileType = sourcecode.swift; path = placeHolder.swift; sourceTree = "<group>"; };
		3A2296CA243CAC2D001533D8 /* JSONTableViewCell.swift */ = {isa = PBXFileReference; lastKnownFileType = sourcecode.swift; path = JSONTableViewCell.swift; sourceTree = "<group>"; };
		7B4C5394A267D7372E38EE23 /* Pods-placeHolderTabber.debug.xcconfig */ = {isa = PBXFileReference; includeInIndex = 1; lastKnownFileType = text.xcconfig; name = "Pods-placeHolderTabber.debug.xcconfig"; path = "Target Support Files/Pods-placeHolderTabber/Pods-placeHolderTabber.debug.xcconfig"; sourceTree = "<group>"; };
		BBF165A47C3BECBA0C300B24 /* Pods-placeHolderTabber.release.xcconfig */ = {isa = PBXFileReference; includeInIndex = 1; lastKnownFileType = text.xcconfig; name = "Pods-placeHolderTabber.release.xcconfig"; path = "Target Support Files/Pods-placeHolderTabber/Pods-placeHolderTabber.release.xcconfig"; sourceTree = "<group>"; };
		BFAC303E676D60C97B2CD9D6 /* Pods_placeHolderTabber.framework */ = {isa = PBXFileReference; explicitFileType = wrapper.framework; includeInIndex = 0; path = Pods_placeHolderTabber.framework; sourceTree = BUILT_PRODUCTS_DIR; };
/* End PBXFileReference section */

/* Begin PBXFrameworksBuildPhase section */
		3A2296A7243B9D5F001533D8 /* Frameworks */ = {
			isa = PBXFrameworksBuildPhase;
			buildActionMask = 2147483647;
			files = (
				3A2296C7243C0AB5001533D8 /* Pods_placeHolderTabber.framework in Frameworks */,
			);
			runOnlyForDeploymentPostprocessing = 0;
		};
/* End PBXFrameworksBuildPhase section */

/* Begin PBXGroup section */
		2CEE6E1963BCC01A9EF988C5 /* Pods */ = {
			isa = PBXGroup;
			children = (
				7B4C5394A267D7372E38EE23 /* Pods-placeHolderTabber.debug.xcconfig */,
				BBF165A47C3BECBA0C300B24 /* Pods-placeHolderTabber.release.xcconfig */,
			);
			path = Pods;
			sourceTree = "<group>";
		};
		3A0CBACC243D24A500C52E2B /* Extensions */ = {
			isa = PBXGroup;
			children = (
			);
			path = Extensions;
			sourceTree = "<group>";
		};
		3A2296A1243B9D5F001533D8 = {
			isa = PBXGroup;
			children = (
				3A0CBACC243D24A500C52E2B /* Extensions */,
				3A2296AC243B9D5F001533D8 /* placeHolderTabber */,
				3A2296AB243B9D5F001533D8 /* Products */,
				2CEE6E1963BCC01A9EF988C5 /* Pods */,
				AFB1A5F6F94C81CC3FF3AFE5 /* Frameworks */,
			);
			sourceTree = "<group>";
		};
		3A2296AB243B9D5F001533D8 /* Products */ = {
			isa = PBXGroup;
			children = (
				3A2296AA243B9D5F001533D8 /* placeHolderTabber.app */,
			);
			name = Products;
			sourceTree = "<group>";
		};
		3A2296AC243B9D5F001533D8 /* placeHolderTabber */ = {
			isa = PBXGroup;
			children = (
				3A2296AD243B9D5F001533D8 /* AppDelegate.swift */,
				3A2296AF243B9D5F001533D8 /* SceneDelegate.swift */,
				3A2296C5243BA824001533D8 /* placeHolder.swift */,
				3A0CBAEF243E543900C52E2B /* ImageDetail.swift */,
				3A2296B1243B9D5F001533D8 /* ListViewController.swift */,
				3A2296B3243B9D5F001533D8 /* GreatCollectionView.swift */,
				3A2296CA243CAC2D001533D8 /* JSONTableViewCell.swift */,
				3A0CBAF1243F45AE00C52E2B /* GreatCollectionViewCell.swift */,
				3A2296B5243B9D5F001533D8 /* Main.storyboard */,
				3A2296B8243B9D62001533D8 /* Assets.xcassets */,
				3A2296BA243B9D62001533D8 /* LaunchScreen.storyboard */,
				3A2296BD243B9D62001533D8 /* Info.plist */,
			);
			path = placeHolderTabber;
			sourceTree = "<group>";
		};
		AFB1A5F6F94C81CC3FF3AFE5 /* Frameworks */ = {
			isa = PBXGroup;
			children = (
				BFAC303E676D60C97B2CD9D6 /* Pods_placeHolderTabber.framework */,
			);
			name = Frameworks;
			sourceTree = "<group>";
		};
/* End PBXGroup section */

/* Begin PBXNativeTarget section */
		3A2296A9243B9D5F001533D8 /* placeHolderTabber */ = {
			isa = PBXNativeTarget;
			buildConfigurationList = 3A2296C0243B9D62001533D8 /* Build configuration list for PBXNativeTarget "placeHolderTabber" */;
			buildPhases = (
				5EFCF74A785F0FA9A2D591AF /* [CP] Check Pods Manifest.lock */,
				3A2296A6243B9D5F001533D8 /* Sources */,
				3A2296A7243B9D5F001533D8 /* Frameworks */,
				3A2296A8243B9D5F001533D8 /* Resources */,
				2E548889CAF6595CC6701DE1 /* [CP] Embed Pods Frameworks */,
			);
			buildRules = (
			);
			dependencies = (
			);
			name = placeHolderTabber;
			productName = placeHolderTabber;
			productReference = 3A2296AA243B9D5F001533D8 /* placeHolderTabber.app */;
			productType = "com.apple.product-type.application";
		};
/* End PBXNativeTarget section */

/* Begin PBXProject section */
		3A2296A2243B9D5F001533D8 /* Project object */ = {
			isa = PBXProject;
			attributes = {
				LastSwiftUpdateCheck = 1130;
				LastUpgradeCheck = 1130;
				ORGANIZATIONNAME = "Field Employee";
				TargetAttributes = {
					3A2296A9243B9D5F001533D8 = {
						CreatedOnToolsVersion = 11.3.1;
					};
				};
			};
			buildConfigurationList = 3A2296A5243B9D5F001533D8 /* Build configuration list for PBXProject "placeHolderTabber" */;
			compatibilityVersion = "Xcode 9.3";
			developmentRegion = en;
			hasScannedForEncodings = 0;
			knownRegions = (
				en,
				Base,
			);
			mainGroup = 3A2296A1243B9D5F001533D8;
			productRefGroup = 3A2296AB243B9D5F001533D8 /* Products */;
			projectDirPath = "";
			projectRoot = "";
			targets = (
				3A2296A9243B9D5F001533D8 /* placeHolderTabber */,
			);
		};
/* End PBXProject section */

/* Begin PBXResourcesBuildPhase section */
		3A2296A8243B9D5F001533D8 /* Resources */ = {
			isa = PBXResourcesBuildPhase;
			buildActionMask = 2147483647;
			files = (
				3A2296BC243B9D62001533D8 /* LaunchScreen.storyboard in Resources */,
				3A2296B9243B9D62001533D8 /* Assets.xcassets in Resources */,
				3A2296B7243B9D5F001533D8 /* Main.storyboard in Resources */,
			);
			runOnlyForDeploymentPostprocessing = 0;
		};
/* End PBXResourcesBuildPhase section */

/* Begin PBXShellScriptBuildPhase section */
		2E548889CAF6595CC6701DE1 /* [CP] Embed Pods Frameworks */ = {
			isa = PBXShellScriptBuildPhase;
			buildActionMask = 2147483647;
			files = (
			);
			inputFileListPaths = (
				"${PODS_ROOT}/Target Support Files/Pods-placeHolderTabber/Pods-placeHolderTabber-frameworks-${CONFIGURATION}-input-files.xcfilelist",
			);
			name = "[CP] Embed Pods Frameworks";
			outputFileListPaths = (
				"${PODS_ROOT}/Target Support Files/Pods-placeHolderTabber/Pods-placeHolderTabber-frameworks-${CONFIGURATION}-output-files.xcfilelist",
			);
			runOnlyForDeploymentPostprocessing = 0;
			shellPath = /bin/sh;
			shellScript = "\"${PODS_ROOT}/Target Support Files/Pods-placeHolderTabber/Pods-placeHolderTabber-frameworks.sh\"\n";
			showEnvVarsInLog = 0;
		};
		5EFCF74A785F0FA9A2D591AF /* [CP] Check Pods Manifest.lock */ = {
			isa = PBXShellScriptBuildPhase;
			buildActionMask = 2147483647;
			files = (
			);
			inputFileListPaths = (
			);
			inputPaths = (
				"${PODS_PODFILE_DIR_PATH}/Podfile.lock",
				"${PODS_ROOT}/Manifest.lock",
			);
			name = "[CP] Check Pods Manifest.lock";
			outputFileListPaths = (
			);
			outputPaths = (
				"$(DERIVED_FILE_DIR)/Pods-placeHolderTabber-checkManifestLockResult.txt",
			);
			runOnlyForDeploymentPostprocessing = 0;
			shellPath = /bin/sh;
			shellScript = "diff \"${PODS_PODFILE_DIR_PATH}/Podfile.lock\" \"${PODS_ROOT}/Manifest.lock\" > /dev/null\nif [ $? != 0 ] ; then\n    # print error to STDERR\n    echo \"error: The sandbox is not in sync with the Podfile.lock. Run 'pod install' or update your CocoaPods installation.\" >&2\n    exit 1\nfi\n# This output is used by Xcode 'outputs' to avoid re-running this script phase.\necho \"SUCCESS\" > \"${SCRIPT_OUTPUT_FILE_0}\"\n";
			showEnvVarsInLog = 0;
		};
/* End PBXShellScriptBuildPhase section */

/* Begin PBXSourcesBuildPhase section */
		3A2296A6243B9D5F001533D8 /* Sources */ = {
			isa = PBXSourcesBuildPhase;
			buildActionMask = 2147483647;
			files = (
				3A0CBAF0243E543900C52E2B /* ImageDetail.swift in Sources */,
				3A2296B4243B9D5F001533D8 /* GreatCollectionView.swift in Sources */,
				3A0CBAF2243F45AE00C52E2B /* GreatCollectionViewCell.swift in Sources */,
				3A2296B2243B9D5F001533D8 /* ListViewController.swift in Sources */,
				3A2296AE243B9D5F001533D8 /* AppDelegate.swift in Sources */,
				3A2296C6243BA824001533D8 /* placeHolder.swift in Sources */,
				3A2296CB243CAC2D001533D8 /* JSONTableViewCell.swift in Sources */,
				3A2296B0243B9D5F001533D8 /* SceneDelegate.swift in Sources */,
			);
			runOnlyForDeploymentPostprocessing = 0;
		};
/* End PBXSourcesBuildPhase section */

/* Begin PBXVariantGroup section */
		3A2296B5243B9D5F001533D8 /* Main.storyboard */ = {
			isa = PBXVariantGroup;
			children = (
				3A2296B6243B9D5F001533D8 /* Base */,
			);
			name = Main.storyboard;
			sourceTree = "<group>";
		};
		3A2296BA243B9D62001533D8 /* LaunchScreen.storyboard */ = {
			isa = PBXVariantGroup;
			children = (
				3A2296BB243B9D62001533D8 /* Base */,
			);
			name = LaunchScreen.storyboard;
			sourceTree = "<group>";
		};
/* End PBXVariantGroup section */

/* Begin XCBuildConfiguration section */
		3A2296BE243B9D62001533D8 /* Debug */ = {
			isa = XCBuildConfiguration;
			buildSettings = {
				ALWAYS_SEARCH_USER_PATHS = NO;
				CLANG_ANALYZER_NONNULL = YES;
				CLANG_ANALYZER_NUMBER_OBJECT_CONVERSION = YES_AGGRESSIVE;
				CLANG_CXX_LANGUAGE_STANDARD = "gnu++14";
				CLANG_CXX_LIBRARY = "libc++";
				CLANG_ENABLE_MODULES = YES;
				CLANG_ENABLE_OBJC_ARC = YES;
				CLANG_ENABLE_OBJC_WEAK = YES;
				CLANG_WARN_BLOCK_CAPTURE_AUTORELEASING = YES;
				CLANG_WARN_BOOL_CONVERSION = YES;
				CLANG_WARN_COMMA = YES;
				CLANG_WARN_CONSTANT_CONVERSION = YES;
				CLANG_WARN_DEPRECATED_OBJC_IMPLEMENTATIONS = YES;
				CLANG_WARN_DIRECT_OBJC_ISA_USAGE = YES_ERROR;
				CLANG_WARN_DOCUMENTATION_COMMENTS = YES;
				CLANG_WARN_EMPTY_BODY = YES;
				CLANG_WARN_ENUM_CONVERSION = YES;
				CLANG_WARN_INFINITE_RECURSION = YES;
				CLANG_WARN_INT_CONVERSION = YES;
				CLANG_WARN_NON_LITERAL_NULL_CONVERSION = YES;
				CLANG_WARN_OBJC_IMPLICIT_RETAIN_SELF = YES;
				CLANG_WARN_OBJC_LITERAL_CONVERSION = YES;
				CLANG_WARN_OBJC_ROOT_CLASS = YES_ERROR;
				CLANG_WARN_RANGE_LOOP_ANALYSIS = YES;
				CLANG_WARN_STRICT_PROTOTYPES = YES;
				CLANG_WARN_SUSPICIOUS_MOVE = YES;
				CLANG_WARN_UNGUARDED_AVAILABILITY = YES_AGGRESSIVE;
				CLANG_WARN_UNREACHABLE_CODE = YES;
				CLANG_WARN__DUPLICATE_METHOD_MATCH = YES;
				COPY_PHASE_STRIP = NO;
				DEBUG_INFORMATION_FORMAT = dwarf;
				ENABLE_STRICT_OBJC_MSGSEND = YES;
				ENABLE_TESTABILITY = YES;
				GCC_C_LANGUAGE_STANDARD = gnu11;
				GCC_DYNAMIC_NO_PIC = NO;
				GCC_NO_COMMON_BLOCKS = YES;
				GCC_OPTIMIZATION_LEVEL = 0;
				GCC_PREPROCESSOR_DEFINITIONS = (
					"DEBUG=1",
					"$(inherited)",
				);
				GCC_WARN_64_TO_32_BIT_CONVERSION = YES;
				GCC_WARN_ABOUT_RETURN_TYPE = YES_ERROR;
				GCC_WARN_UNDECLARED_SELECTOR = YES;
				GCC_WARN_UNINITIALIZED_AUTOS = YES_AGGRESSIVE;
				GCC_WARN_UNUSED_FUNCTION = YES;
				GCC_WARN_UNUSED_VARIABLE = YES;
				IPHONEOS_DEPLOYMENT_TARGET = 13.2;
				MTL_ENABLE_DEBUG_INFO = INCLUDE_SOURCE;
				MTL_FAST_MATH = YES;
				ONLY_ACTIVE_ARCH = YES;
				SDKROOT = iphoneos;
				SWIFT_ACTIVE_COMPILATION_CONDITIONS = DEBUG;
				SWIFT_OPTIMIZATION_LEVEL = "-Onone";
			};
			name = Debug;
		};
		3A2296BF243B9D62001533D8 /* Release */ = {
			isa = XCBuildConfiguration;
			buildSettings = {
				ALWAYS_SEARCH_USER_PATHS = NO;
				CLANG_ANALYZER_NONNULL = YES;
				CLANG_ANALYZER_NUMBER_OBJECT_CONVERSION = YES_AGGRESSIVE;
				CLANG_CXX_LANGUAGE_STANDARD = "gnu++14";
				CLANG_CXX_LIBRARY = "libc++";
				CLANG_ENABLE_MODULES = YES;
				CLANG_ENABLE_OBJC_ARC = YES;
				CLANG_ENABLE_OBJC_WEAK = YES;
				CLANG_WARN_BLOCK_CAPTURE_AUTORELEASING = YES;
				CLANG_WARN_BOOL_CONVERSION = YES;
				CLANG_WARN_COMMA = YES;
				CLANG_WARN_CONSTANT_CONVERSION = YES;
				CLANG_WARN_DEPRECATED_OBJC_IMPLEMENTATIONS = YES;
				CLANG_WARN_DIRECT_OBJC_ISA_USAGE = YES_ERROR;
				CLANG_WARN_DOCUMENTATION_COMMENTS = YES;
				CLANG_WARN_EMPTY_BODY = YES;
				CLANG_WARN_ENUM_CONVERSION = YES;
				CLANG_WARN_INFINITE_RECURSION = YES;
				CLANG_WARN_INT_CONVERSION = YES;
				CLANG_WARN_NON_LITERAL_NULL_CONVERSION = YES;
				CLANG_WARN_OBJC_IMPLICIT_RETAIN_SELF = YES;
				CLANG_WARN_OBJC_LITERAL_CONVERSION = YES;
				CLANG_WARN_OBJC_ROOT_CLASS = YES_ERROR;
				CLANG_WARN_RANGE_LOOP_ANALYSIS = YES;
				CLANG_WARN_STRICT_PROTOTYPES = YES;
				CLANG_WARN_SUSPICIOUS_MOVE = YES;
				CLANG_WARN_UNGUARDED_AVAILABILITY = YES_AGGRESSIVE;
				CLANG_WARN_UNREACHABLE_CODE = YES;
				CLANG_WARN__DUPLICATE_METHOD_MATCH = YES;
				COPY_PHASE_STRIP = NO;
				DEBUG_INFORMATION_FORMAT = "dwarf-with-dsym";
				ENABLE_NS_ASSERTIONS = NO;
				ENABLE_STRICT_OBJC_MSGSEND = YES;
				GCC_C_LANGUAGE_STANDARD = gnu11;
				GCC_NO_COMMON_BLOCKS = YES;
				GCC_WARN_64_TO_32_BIT_CONVERSION = YES;
				GCC_WARN_ABOUT_RETURN_TYPE = YES_ERROR;
				GCC_WARN_UNDECLARED_SELECTOR = YES;
				GCC_WARN_UNINITIALIZED_AUTOS = YES_AGGRESSIVE;
				GCC_WARN_UNUSED_FUNCTION = YES;
				GCC_WARN_UNUSED_VARIABLE = YES;
				IPHONEOS_DEPLOYMENT_TARGET = 13.2;
				MTL_ENABLE_DEBUG_INFO = NO;
				MTL_FAST_MATH = YES;
				SDKROOT = iphoneos;
				SWIFT_COMPILATION_MODE = wholemodule;
				SWIFT_OPTIMIZATION_LEVEL = "-O";
				VALIDATE_PRODUCT = YES;
			};
			name = Release;
		};
		3A2296C1243B9D62001533D8 /* Debug */ = {
			isa = XCBuildConfiguration;
			baseConfigurationReference = 7B4C5394A267D7372E38EE23 /* Pods-placeHolderTabber.debug.xcconfig */;
			buildSettings = {
				ASSETCATALOG_COMPILER_APPICON_NAME = AppIcon;
				CODE_SIGN_STYLE = Automatic;
				INFOPLIST_FILE = placeHolderTabber/Info.plist;
				LD_RUNPATH_SEARCH_PATHS = (
					"$(inherited)",
					"@executable_path/Frameworks",
				);
				PRODUCT_BUNDLE_IDENTIFIER = company.placeHolderTabber;
				PRODUCT_NAME = "$(TARGET_NAME)";
				SWIFT_VERSION = 5.0;
				TARGETED_DEVICE_FAMILY = "1,2";
			};
			name = Debug;
		};
		3A2296C2243B9D62001533D8 /* Release */ = {
			isa = XCBuildConfiguration;
			baseConfigurationReference = BBF165A47C3BECBA0C300B24 /* Pods-placeHolderTabber.release.xcconfig */;
			buildSettings = {
				ASSETCATALOG_COMPILER_APPICON_NAME = AppIcon;
				CODE_SIGN_STYLE = Automatic;
				INFOPLIST_FILE = placeHolderTabber/Info.plist;
				LD_RUNPATH_SEARCH_PATHS = (
					"$(inherited)",
					"@executable_path/Frameworks",
				);
				PRODUCT_BUNDLE_IDENTIFIER = company.placeHolderTabber;
				PRODUCT_NAME = "$(TARGET_NAME)";
				SWIFT_VERSION = 5.0;
				TARGETED_DEVICE_FAMILY = "1,2";
			};
			name = Release;
		};
/* End XCBuildConfiguration section */

/* Begin XCConfigurationList section */
		3A2296A5243B9D5F001533D8 /* Build configuration list for PBXProject "placeHolderTabber" */ = {
			isa = XCConfigurationList;
			buildConfigurations = (
				3A2296BE243B9D62001533D8 /* Debug */,
				3A2296BF243B9D62001533D8 /* Release */,
			);
			defaultConfigurationIsVisible = 0;
			defaultConfigurationName = Release;
		};
		3A2296C0243B9D62001533D8 /* Build configuration list for PBXNativeTarget "placeHolderTabber" */ = {
			isa = XCConfigurationList;
			buildConfigurations = (
				3A2296C1243B9D62001533D8 /* Debug */,
				3A2296C2243B9D62001533D8 /* Release */,
			);
			defaultConfigurationIsVisible = 0;
			defaultConfigurationName = Release;
		};
/* End XCConfigurationList section */
	};
	rootObject = 3A2296A2243B9D5F001533D8 /* Project object */;
}
